
Microsoft Visual Studio Solution File, Format Version 12.00
# Visual Studio Version 16
VisualStudioVersion = 16.0.32901.82
MinimumVisualStudioVersion = 10.0.40219.1
Project("{FAE04EC0-301F-11D3-BF4B-00C04F79EFBC}") = "Codwer", "Codwer.csproj", "{C4AF1C8D-951B-4D5F-BB4E-3D3D1364FC94}"
EndProject
Global
	GlobalSection(SolutionConfigurationPlatforms) = preSolution
		Debug|Any CPU = Debug|Any CPU
		Release|Any CPU = Release|Any CPU
	EndGlobalSection
	GlobalSection(ProjectConfigurationPlatforms) = postSolution
		{C4AF1C8D-951B-4D5F-BB4E-3D3D1364FC94}.Debug|Any CPU.ActiveCfg = Debug|Any CPU
		{C4AF1C8D-951B-4D5F-BB4E-3D3D1364FC94}.Debug|Any CPU.Build.0 = Debug|Any CPU
		{C4AF1C8D-951B-4D5F-BB4E-3D3D1364FC94}.Release|Any CPU.ActiveCfg = Release|Any CPU
		{C4AF1C8D-951B-4D5F-BB4E-3D3D1364FC94}.Release|Any CPU.Build.0 = Release|Any CPU
	EndGlobalSection
	GlobalSection(SolutionProperties) = preSolution
		HideSolutionNode = FALSE
	EndGlobalSection
	GlobalSection(ExtensibilityGlobals) = postSolution
		SolutionGuid = {2EDD3422-6EB5-457E-8C69-A5D046217727}
	EndGlobalSection
EndGlobal
